
Microsoft Visual Studio Solution File, Format Version 12.00
# Visual Studio 15
VisualStudioVersion = 15.0.27703.2000
MinimumVisualStudioVersion = 10.0.40219.1
Project("{9A19103F-16F7-4668-BE54-9A1E7A4F7556}") = "NinjaSaiGon.Admin", "NinjaSaiGon\NinjaSaiGon.Admin.csproj", "{822F70DC-25B1-4A03-A0F7-893A8BCCA7BA}"
EndProject
Project("{9A19103F-16F7-4668-BE54-9A1E7A4F7556}") = "NinjaSaigon.Order", "NinjaSaigon.Order\NinjaSaigon.Order.csproj", "{271C4E16-A5B1-4199-A66E-735A14DB39AF}"
EndProject
Project("{9A19103F-16F7-4668-BE54-9A1E7A4F7556}") = "NinjaSaiGon.Web", "NinjaSaiGon.Web\NinjaSaiGon.Web.csproj", "{3A69FE60-C4DA-46E8-9F2A-C15CC1CCCC4E}"
EndProject
Project("{9A19103F-16F7-4668-BE54-9A1E7A4F7556}") = "NinjaSaigon.Test", "NinjaSaigon.Test\NinjaSaigon.Test.csproj", "{D866457D-4F9F-43A0-BBA7-8378FD4F5600}"
EndProject
Project("{9A19103F-16F7-4668-BE54-9A1E7A4F7556}") = "NinjaSaiGon.Data", "NinjaSaiGon.Data\NinjaSaiGon.Data.csproj", "{8C4D33D1-15D6-4BF0-A028-24EDA4A2FA22}"
EndProject
Global
	GlobalSection(SolutionConfigurationPlatforms) = preSolution
		Debug|Any CPU = Debug|Any CPU
		Release|Any CPU = Release|Any CPU
	EndGlobalSection
	GlobalSection(ProjectConfigurationPlatforms) = postSolution
		{822F70DC-25B1-4A03-A0F7-893A8BCCA7BA}.Debug|Any CPU.ActiveCfg = Debug|Any CPU
		{822F70DC-25B1-4A03-A0F7-893A8BCCA7BA}.Debug|Any CPU.Build.0 = Debug|Any CPU
		{822F70DC-25B1-4A03-A0F7-893A8BCCA7BA}.Release|Any CPU.ActiveCfg = Release|Any CPU
		{822F70DC-25B1-4A03-A0F7-893A8BCCA7BA}.Release|Any CPU.Build.0 = Release|Any CPU
		{271C4E16-A5B1-4199-A66E-735A14DB39AF}.Debug|Any CPU.ActiveCfg = Debug|Any CPU
		{271C4E16-A5B1-4199-A66E-735A14DB39AF}.Debug|Any CPU.Build.0 = Debug|Any CPU
		{271C4E16-A5B1-4199-A66E-735A14DB39AF}.Release|Any CPU.ActiveCfg = Release|Any CPU
		{271C4E16-A5B1-4199-A66E-735A14DB39AF}.Release|Any CPU.Build.0 = Release|Any CPU
		{3A69FE60-C4DA-46E8-9F2A-C15CC1CCCC4E}.Debug|Any CPU.ActiveCfg = Debug|Any CPU
		{3A69FE60-C4DA-46E8-9F2A-C15CC1CCCC4E}.Debug|Any CPU.Build.0 = Debug|Any CPU
		{3A69FE60-C4DA-46E8-9F2A-C15CC1CCCC4E}.Release|Any CPU.ActiveCfg = Release|Any CPU
		{3A69FE60-C4DA-46E8-9F2A-C15CC1CCCC4E}.Release|Any CPU.Build.0 = Release|Any CPU
		{D866457D-4F9F-43A0-BBA7-8378FD4F5600}.Debug|Any CPU.ActiveCfg = Debug|Any CPU
		{D866457D-4F9F-43A0-BBA7-8378FD4F5600}.Debug|Any CPU.Build.0 = Debug|Any CPU
		{D866457D-4F9F-43A0-BBA7-8378FD4F5600}.Release|Any CPU.ActiveCfg = Release|Any CPU
		{D866457D-4F9F-43A0-BBA7-8378FD4F5600}.Release|Any CPU.Build.0 = Release|Any CPU
		{8C4D33D1-15D6-4BF0-A028-24EDA4A2FA22}.Debug|Any CPU.ActiveCfg = Debug|Any CPU
		{8C4D33D1-15D6-4BF0-A028-24EDA4A2FA22}.Debug|Any CPU.Build.0 = Debug|Any CPU
		{8C4D33D1-15D6-4BF0-A028-24EDA4A2FA22}.Release|Any CPU.ActiveCfg = Release|Any CPU
		{8C4D33D1-15D6-4BF0-A028-24EDA4A2FA22}.Release|Any CPU.Build.0 = Release|Any CPU
	EndGlobalSection
	GlobalSection(SolutionProperties) = preSolution
		HideSolutionNode = FALSE
	EndGlobalSection
	GlobalSection(ExtensibilityGlobals) = postSolution
		SolutionGuid = {53A5B784-26EA-4A50-855C-6B66D6AAACA6}
	EndGlobalSection
EndGlobal
